// !$*UTF8*$!
{
	archiveVersion = 1;
	classes = {
	};
	objectVersion = 46;
	objects = {

/* Begin PBXBuildFile section */
		3845A4D31F644052007BEDB2 /* marisa_trie_objc.h in Headers */ = {isa = PBXBuildFile; fileRef = 3845A4D21F644052007BEDB2 /* marisa_trie_objc.h */; };
		3845A4DF1F644214007BEDB2 /* libmarisa.a in Frameworks */ = {isa = PBXBuildFile; fileRef = 3845A4DE1F644214007BEDB2 /* libmarisa.a */; };
		3845A4E11F64446B007BEDB2 /* marisa_trie_objc.mm in Sources */ = {isa = PBXBuildFile; fileRef = 3845A4E01F64446B007BEDB2 /* marisa_trie_objc.mm */; };
		3845A4EB1F644C82007BEDB2 /* libmarisa-trie-objc.a in Frameworks */ = {isa = PBXBuildFile; fileRef = 3845A4CF1F644052007BEDB2 /* libmarisa-trie-objc.a */; };
		3845A4F41F6452CB007BEDB2 /* MarisaTrieTests.m in Sources */ = {isa = PBXBuildFile; fileRef = 3845A4F31F6452CB007BEDB2 /* MarisaTrieTests.m */; };
/* End PBXBuildFile section */

/* Begin PBXContainerItemProxy section */
		3845A4EC1F644C82007BEDB2 /* PBXContainerItemProxy */ = {
			isa = PBXContainerItemProxy;
			containerPortal = 3845A4C71F644052007BEDB2 /* Project object */;
			proxyType = 1;
			remoteGlobalIDString = 3845A4CE1F644052007BEDB2;
			remoteInfo = "marisa-trie-objc";
		};
/* End PBXContainerItemProxy section */

/* Begin PBXFileReference section */
		3845A4CF1F644052007BEDB2 /* libmarisa-trie-objc.a */ = {isa = PBXFileReference; explicitFileType = archive.ar; includeInIndex = 0; path = "libmarisa-trie-objc.a"; sourceTree = BUILT_PRODUCTS_DIR; };
		3845A4D21F644052007BEDB2 /* marisa_trie_objc.h */ = {isa = PBXFileReference; lastKnownFileType = sourcecode.c.h; path = marisa_trie_objc.h; sourceTree = "<group>"; };
		3845A4DB1F6441DF007BEDB2 /* include */ = {isa = PBXFileReference; lastKnownFileType = folder; path = include; sourceTree = "<group>"; };
		3845A4DC1F6441F5007BEDB2 /* lib */ = {isa = PBXFileReference; lastKnownFileType = folder; path = lib; sourceTree = "<group>"; };
		3845A4DE1F644214007BEDB2 /* libmarisa.a */ = {isa = PBXFileReference; lastKnownFileType = archive.ar; name = libmarisa.a; path = lib/libmarisa.a; sourceTree = "<group>"; };
		3845A4E01F64446B007BEDB2 /* marisa_trie_objc.mm */ = {isa = PBXFileReference; fileEncoding = 4; lastKnownFileType = sourcecode.cpp.objcpp; path = marisa_trie_objc.mm; sourceTree = "<group>"; };
		3845A4E61F644C82007BEDB2 /* MarisaTrieTests.xctest */ = {isa = PBXFileReference; explicitFileType = wrapper.cfbundle; includeInIndex = 0; path = MarisaTrieTests.xctest; sourceTree = BUILT_PRODUCTS_DIR; };
		3845A4EA1F644C82007BEDB2 /* Info.plist */ = {isa = PBXFileReference; lastKnownFileType = text.plist.xml; path = Info.plist; sourceTree = "<group>"; };
		3845A4F31F6452CB007BEDB2 /* MarisaTrieTests.m */ = {isa = PBXFileReference; explicitFileType = sourcecode.cpp.objcpp; fileEncoding = 4; path = MarisaTrieTests.m; sourceTree = "<group>"; };
/* End PBXFileReference section */

/* Begin PBXFrameworksBuildPhase section */
		3845A4CC1F644052007BEDB2 /* Frameworks */ = {
			isa = PBXFrameworksBuildPhase;
			buildActionMask = 2147483647;
			files = (
				3845A4DF1F644214007BEDB2 /* libmarisa.a in Frameworks */,
			);
			runOnlyForDeploymentPostprocessing = 0;
		};
		3845A4E31F644C82007BEDB2 /* Frameworks */ = {
			isa = PBXFrameworksBuildPhase;
			buildActionMask = 2147483647;
			files = (
				3845A4EB1F644C82007BEDB2 /* libmarisa-trie-objc.a in Frameworks */,
			);
			runOnlyForDeploymentPostprocessing = 0;
		};
/* End PBXFrameworksBuildPhase section */

/* Begin PBXGroup section */
		3845A4C61F644052007BEDB2 = {
			isa = PBXGroup;
			children = (
				3845A4DC1F6441F5007BEDB2 /* lib */,
				3845A4DB1F6441DF007BEDB2 /* include */,
				3845A4D11F644052007BEDB2 /* marisa-trie-objc */,
				3845A4E71F644C82007BEDB2 /* MarisaTrieTests */,
				3845A4D01F644052007BEDB2 /* Products */,
				3845A4DD1F644214007BEDB2 /* Frameworks */,
			);
			sourceTree = "<group>";
		};
		3845A4D01F644052007BEDB2 /* Products */ = {
			isa = PBXGroup;
			children = (
				3845A4CF1F644052007BEDB2 /* libmarisa-trie-objc.a */,
				3845A4E61F644C82007BEDB2 /* MarisaTrieTests.xctest */,
			);
			name = Products;
			sourceTree = "<group>";
		};
		3845A4D11F644052007BEDB2 /* marisa-trie-objc */ = {
			isa = PBXGroup;
			children = (
				3845A4E01F64446B007BEDB2 /* marisa_trie_objc.mm */,
				3845A4D21F644052007BEDB2 /* marisa_trie_objc.h */,
			);
			path = "marisa-trie-objc";
			sourceTree = "<group>";
		};
		3845A4DD1F644214007BEDB2 /* Frameworks */ = {
			isa = PBXGroup;
			children = (
				3845A4DE1F644214007BEDB2 /* libmarisa.a */,
			);
			name = Frameworks;
			sourceTree = "<group>";
		};
		3845A4E71F644C82007BEDB2 /* MarisaTrieTests */ = {
			isa = PBXGroup;
			children = (
				3845A4F31F6452CB007BEDB2 /* MarisaTrieTests.m */,
				3845A4EA1F644C82007BEDB2 /* Info.plist */,
			);
			path = MarisaTrieTests;
			sourceTree = "<group>";
		};
/* End PBXGroup section */

/* Begin PBXHeadersBuildPhase section */
		3845A4CD1F644052007BEDB2 /* Headers */ = {
			isa = PBXHeadersBuildPhase;
			buildActionMask = 2147483647;
			files = (
				3845A4D31F644052007BEDB2 /* marisa_trie_objc.h in Headers */,
			);
			runOnlyForDeploymentPostprocessing = 0;
		};
/* End PBXHeadersBuildPhase section */

/* Begin PBXNativeTarget section */
		3845A4CE1F644052007BEDB2 /* marisa-trie-objc */ = {
			isa = PBXNativeTarget;
			buildConfigurationList = 3845A4D81F644052007BEDB2 /* Build configuration list for PBXNativeTarget "marisa-trie-objc" */;
			buildPhases = (
				3845A4CB1F644052007BEDB2 /* Sources */,
				3845A4CC1F644052007BEDB2 /* Frameworks */,
				3845A4CD1F644052007BEDB2 /* Headers */,
			);
			buildRules = (
			);
			dependencies = (
			);
			name = "marisa-trie-objc";
			productName = "marisa-trie-objc";
			productReference = 3845A4CF1F644052007BEDB2 /* libmarisa-trie-objc.a */;
			productType = "com.apple.product-type.library.static";
		};
		3845A4E51F644C82007BEDB2 /* MarisaTrieTests */ = {
			isa = PBXNativeTarget;
			buildConfigurationList = 3845A4EE1F644C82007BEDB2 /* Build configuration list for PBXNativeTarget "MarisaTrieTests" */;
			buildPhases = (
				3845A4E21F644C82007BEDB2 /* Sources */,
				3845A4E31F644C82007BEDB2 /* Frameworks */,
				3845A4E41F644C82007BEDB2 /* Resources */,
			);
			buildRules = (
			);
			dependencies = (
				3845A4ED1F644C82007BEDB2 /* PBXTargetDependency */,
			);
			name = MarisaTrieTests;
			productName = MarisaTrieTests;
			productReference = 3845A4E61F644C82007BEDB2 /* MarisaTrieTests.xctest */;
			productType = "com.apple.product-type.bundle.unit-test";
		};
/* End PBXNativeTarget section */

/* Begin PBXProject section */
		3845A4C71F644052007BEDB2 /* Project object */ = {
			isa = PBXProject;
			attributes = {
				LastUpgradeCheck = 0830;
				ORGANIZATIONNAME = "Dong Yuwei ";
				TargetAttributes = {
					3845A4CE1F644052007BEDB2 = {
						CreatedOnToolsVersion = 8.3.3;
						ProvisioningStyle = Automatic;
					};
					3845A4E51F644C82007BEDB2 = {
						CreatedOnToolsVersion = 8.3.3;
						ProvisioningStyle = Automatic;
					};
				};
			};
			buildConfigurationList = 3845A4CA1F644052007BEDB2 /* Build configuration list for PBXProject "marisa-trie-objc" */;
			compatibilityVersion = "Xcode 3.2";
			developmentRegion = English;
			hasScannedForEncodings = 0;
			knownRegions = (
				en,
			);
			mainGroup = 3845A4C61F644052007BEDB2;
			productRefGroup = 3845A4D01F644052007BEDB2 /* Products */;
			projectDirPath = "";
			projectRoot = "";
			targets = (
				3845A4CE1F644052007BEDB2 /* marisa-trie-objc */,
				3845A4E51F644C82007BEDB2 /* MarisaTrieTests */,
			);
		};
/* End PBXProject section */

/* Begin PBXResourcesBuildPhase section */
		3845A4E41F644C82007BEDB2 /* Resources */ = {
			isa = PBXResourcesBuildPhase;
			buildActionMask = 2147483647;
			files = (
			);
			runOnlyForDeploymentPostprocessing = 0;
		};
/* End PBXResourcesBuildPhase section */

/* Begin PBXSourcesBuildPhase section */
		3845A4CB1F644052007BEDB2 /* Sources */ = {
			isa = PBXSourcesBuildPhase;
			buildActionMask = 2147483647;
			files = (
				3845A4E11F64446B007BEDB2 /* marisa_trie_objc.mm in Sources */,
			);
			runOnlyForDeploymentPostprocessing = 0;
		};
		3845A4E21F644C82007BEDB2 /* Sources */ = {
			isa = PBXSourcesBuildPhase;
			buildActionMask = 2147483647;
			files = (
				3845A4F41F6452CB007BEDB2 /* MarisaTrieTests.m in Sources */,
			);
			runOnlyForDeploymentPostprocessing = 0;
		};
/* End PBXSourcesBuildPhase section */

/* Begin PBXTargetDependency section */
		3845A4ED1F644C82007BEDB2 /* PBXTargetDependency */ = {
			isa = PBXTargetDependency;
			target = 3845A4CE1F644052007BEDB2 /* marisa-trie-objc */;
			targetProxy = 3845A4EC1F644C82007BEDB2 /* PBXContainerItemProxy */;
		};
/* End PBXTargetDependency section */

/* Begin XCBuildConfiguration section */
		3845A4D61F644052007BEDB2 /* Debug */ = {
			isa = XCBuildConfiguration;
			buildSettings = {
				ALWAYS_SEARCH_USER_PATHS = NO;
				CLANG_ANALYZER_NONNULL = YES;
				CLANG_ANALYZER_NUMBER_OBJECT_CONVERSION = YES_AGGRESSIVE;
				CLANG_CXX_LANGUAGE_STANDARD = "gnu++0x";
				CLANG_CXX_LIBRARY = "libc++";
				CLANG_ENABLE_MODULES = YES;
				CLANG_ENABLE_OBJC_ARC = YES;
				CLANG_WARN_BOOL_CONVERSION = YES;
				CLANG_WARN_CONSTANT_CONVERSION = YES;
				CLANG_WARN_DIRECT_OBJC_ISA_USAGE = YES_ERROR;
				CLANG_WARN_DOCUMENTATION_COMMENTS = YES;
				CLANG_WARN_EMPTY_BODY = YES;
				CLANG_WARN_ENUM_CONVERSION = YES;
				CLANG_WARN_INFINITE_RECURSION = YES;
				CLANG_WARN_INT_CONVERSION = YES;
				CLANG_WARN_OBJC_ROOT_CLASS = YES_ERROR;
				CLANG_WARN_SUSPICIOUS_MOVE = YES;
				CLANG_WARN_UNREACHABLE_CODE = YES;
				CLANG_WARN__DUPLICATE_METHOD_MATCH = YES;
				CODE_SIGN_IDENTITY = "-";
				COPY_PHASE_STRIP = NO;
				DEBUG_INFORMATION_FORMAT = dwarf;
				ENABLE_STRICT_OBJC_MSGSEND = YES;
				ENABLE_TESTABILITY = YES;
				GCC_C_LANGUAGE_STANDARD = gnu99;
				GCC_DYNAMIC_NO_PIC = NO;
				GCC_NO_COMMON_BLOCKS = YES;
				GCC_OPTIMIZATION_LEVEL = 0;
				GCC_PREPROCESSOR_DEFINITIONS = (
					"DEBUG=1",
					"$(inherited)",
				);
				GCC_WARN_64_TO_32_BIT_CONVERSION = YES;
				GCC_WARN_ABOUT_RETURN_TYPE = YES_ERROR;
				GCC_WARN_UNDECLARED_SELECTOR = YES;
				GCC_WARN_UNINITIALIZED_AUTOS = YES_AGGRESSIVE;
				GCC_WARN_UNUSED_FUNCTION = YES;
				GCC_WARN_UNUSED_VARIABLE = YES;
				MACOSX_DEPLOYMENT_TARGET = 10.12;
				MTL_ENABLE_DEBUG_INFO = YES;
				ONLY_ACTIVE_ARCH = YES;
				SDKROOT = macosx;
			};
			name = Debug;
		};
		3845A4D71F644052007BEDB2 /* Release */ = {
			isa = XCBuildConfiguration;
			buildSettings = {
				ALWAYS_SEARCH_USER_PATHS = NO;
				CLANG_ANALYZER_NONNULL = YES;
				CLANG_ANALYZER_NUMBER_OBJECT_CONVERSION = YES_AGGRESSIVE;
				CLANG_CXX_LANGUAGE_STANDARD = "gnu++0x";
				CLANG_CXX_LIBRARY = "libc++";
				CLANG_ENABLE_MODULES = YES;
				CLANG_ENABLE_OBJC_ARC = YES;
				CLANG_WARN_BOOL_CONVERSION = YES;
				CLANG_WARN_CONSTANT_CONVERSION = YES;
				CLANG_WARN_DIRECT_OBJC_ISA_USAGE = YES_ERROR;
				CLANG_WARN_DOCUMENTATION_COMMENTS = YES;
				CLANG_WARN_EMPTY_BODY = YES;
				CLANG_WARN_ENUM_CONVERSION = YES;
				CLANG_WARN_INFINITE_RECURSION = YES;
				CLANG_WARN_INT_CONVERSION = YES;
				CLANG_WARN_OBJC_ROOT_CLASS = YES_ERROR;
				CLANG_WARN_SUSPICIOUS_MOVE = YES;
				CLANG_WARN_UNREACHABLE_CODE = YES;
				CLANG_WARN__DUPLICATE_METHOD_MATCH = YES;
				CODE_SIGN_IDENTITY = "-";
				COPY_PHASE_STRIP = NO;
				DEBUG_INFORMATION_FORMAT = "dwarf-with-dsym";
				ENABLE_NS_ASSERTIONS = NO;
				ENABLE_STRICT_OBJC_MSGSEND = YES;
				GCC_C_LANGUAGE_STANDARD = gnu99;
				GCC_NO_COMMON_BLOCKS = YES;
				GCC_WARN_64_TO_32_BIT_CONVERSION = YES;
				GCC_WARN_ABOUT_RETURN_TYPE = YES_ERROR;
				GCC_WARN_UNDECLARED_SELECTOR = YES;
				GCC_WARN_UNINITIALIZED_AUTOS = YES_AGGRESSIVE;
				GCC_WARN_UNUSED_FUNCTION = YES;
				GCC_WARN_UNUSED_VARIABLE = YES;
				MACOSX_DEPLOYMENT_TARGET = 10.12;
				MTL_ENABLE_DEBUG_INFO = NO;
				SDKROOT = macosx;
			};
			name = Release;
		};
		3845A4D91F644052007BEDB2 /* Debug */ = {
			isa = XCBuildConfiguration;
			buildSettings = {
				EXECUTABLE_PREFIX = lib;
				HEADER_SEARCH_PATHS = $SOURCE_ROOT/include;
				LIBRARY_SEARCH_PATHS = (
					"$(inherited)",
					"$(PROJECT_DIR)/lib",
				);
				PRODUCT_NAME = "$(TARGET_NAME)";
			};
			name = Debug;
		};
		3845A4DA1F644052007BEDB2 /* Release */ = {
			isa = XCBuildConfiguration;
			buildSettings = {
				EXECUTABLE_PREFIX = lib;
				HEADER_SEARCH_PATHS = $SOURCE_ROOT/include;
				LIBRARY_SEARCH_PATHS = (
					"$(inherited)",
					"$(PROJECT_DIR)/lib",
				);
				PRODUCT_NAME = "$(TARGET_NAME)";
			};
			name = Release;
		};
		3845A4EF1F644C82007BEDB2 /* Debug */ = {
			isa = XCBuildConfiguration;
			buildSettings = {
				COMBINE_HIDPI_IMAGES = YES;
				HEADER_SEARCH_PATHS = $SOURCE_ROOT/include;
				INFOPLIST_FILE = MarisaTrieTests/Info.plist;
				LD_RUNPATH_SEARCH_PATHS = "$(inherited) @executable_path/../Frameworks @loader_path/../Frameworks";
				PRODUCT_BUNDLE_IDENTIFIER = us.erlang.MarisaTrieTests;
				PRODUCT_NAME = "$(TARGET_NAME)";
			};
			name = Debug;
		};
		3845A4F01F644C82007BEDB2 /* Release */ = {
			isa = XCBuildConfiguration;
			buildSettings = {
				COMBINE_HIDPI_IMAGES = YES;
				HEADER_SEARCH_PATHS = $SOURCE_ROOT/include;
				INFOPLIST_FILE = MarisaTrieTests/Info.plist;
				LD_RUNPATH_SEARCH_PATHS = "$(inherited) @executable_path/../Frameworks @loader_path/../Frameworks";
				PRODUCT_BUNDLE_IDENTIFIER = us.erlang.MarisaTrieTests;
				PRODUCT_NAME = "$(TARGET_NAME)";
			};
			name = Release;
		};
/* End XCBuildConfiguration section */

/* Begin XCConfigurationList section */
		3845A4CA1F644052007BEDB2 /* Build configuration list for PBXProject "marisa-trie-objc" */ = {
			isa = XCConfigurationList;
			buildConfigurations = (
				3845A4D61F644052007BEDB2 /* Debug */,
				3845A4D71F644052007BEDB2 /* Release */,
			);
			defaultConfigurationIsVisible = 0;
			defaultConfigurationName = Release;
		};
		3845A4D81F644052007BEDB2 /* Build configuration list for PBXNativeTarget "marisa-trie-objc" */ = {
			isa = XCConfigurationList;
			buildConfigurations = (
				3845A4D91F644052007BEDB2 /* Debug */,
				3845A4DA1F644052007BEDB2 /* Release */,
			);
			defaultConfigurationIsVisible = 0;
		};
		3845A4EE1F644C82007BEDB2 /* Build configuration list for PBXNativeTarget "MarisaTrieTests" */ = {
			isa = XCConfigurationList;
			buildConfigurations = (
				3845A4EF1F644C82007BEDB2 /* Debug */,
				3845A4F01F644C82007BEDB2 /* Release */,
			);
			defaultConfigurationIsVisible = 0;
		};
/* End XCConfigurationList section */
	};
	rootObject = 3845A4C71F644052007BEDB2 /* Project object */;
}
